
Microsoft Visual Studio Solution File, Format Version 12.00
# Visual Studio Version 17
VisualStudioVersion = 17.0.32014.148
MinimumVisualStudioVersion = 10.0.40219.1
Project("{FAE04EC0-301F-11D3-BF4B-00C04F79EFBC}") = "Calculator", "Calculator\Calculator.csproj", "{8ED1C911-DDD3-4CD2-A3B3-68017A2515F9}"
EndProject
Global
	GlobalSection(SolutionConfigurationPlatforms) = preSolution
		Debug|Any CPU = Debug|Any CPU
		Release|Any CPU = Release|Any CPU
	EndGlobalSection
	GlobalSection(ProjectConfigurationPlatforms) = postSolution
		{8ED1C911-DDD3-4CD2-A3B3-68017A2515F9}.Debug|Any CPU.ActiveCfg = Debug|Any CPU
		{8ED1C911-DDD3-4CD2-A3B3-68017A2515F9}.Debug|Any CPU.Build.0 = Debug|Any CPU
		{8ED1C911-DDD3-4CD2-A3B3-68017A2515F9}.Release|Any CPU.ActiveCfg = Release|Any CPU
		{8ED1C911-DDD3-4CD2-A3B3-68017A2515F9}.Release|Any CPU.Build.0 = Release|Any CPU
	EndGlobalSection
	GlobalSection(SolutionProperties) = preSolution
		HideSolutionNode = FALSE
	EndGlobalSection
	GlobalSection(ExtensibilityGlobals) = postSolution
		SolutionGuid = {4F82111D-1BB6-417D-824E-C5D4A4541EE8}
	EndGlobalSection
EndGlobal
